
Microsoft Visual Studio Solution File, Format Version 12.00
# Visual Studio Version 17
VisualStudioVersion = 17.4.33110.190
MinimumVisualStudioVersion = 10.0.40219.1
Project("{9A19103F-16F7-4668-BE54-9A1E7A4F7556}") = "Advent", "Advent\Advent.csproj", "{E900F190-7A29-4AE4-8FDF-B6ADB3202F4F}"
EndProject
Project("{9A19103F-16F7-4668-BE54-9A1E7A4F7556}") = "Advent.Sleigh", "Advent.Sleigh\Advent.Sleigh.csproj", "{7A2BDD29-CF20-49C4-B349-BB579ABB4252}"
EndProject
Project("{9A19103F-16F7-4668-BE54-9A1E7A4F7556}") = "Advent.Test", "Advent.Test\Advent.Test.csproj", "{48D642FC-89B7-4FC8-9CD6-FC42E359003D}"
EndProject
Project("{9A19103F-16F7-4668-BE54-9A1E7A4F7556}") = "Advent.Ornaments", "Advent.Ornaments\Advent.Ornaments.csproj", "{C6CDD104-A72C-4D56-AC8F-D69DCA57FB57}"
EndProject
Global
	GlobalSection(SolutionConfigurationPlatforms) = preSolution
		Debug|Any CPU = Debug|Any CPU
		Release|Any CPU = Release|Any CPU
	EndGlobalSection
	GlobalSection(ProjectConfigurationPlatforms) = postSolution
		{E900F190-7A29-4AE4-8FDF-B6ADB3202F4F}.Debug|Any CPU.ActiveCfg = Debug|Any CPU
		{E900F190-7A29-4AE4-8FDF-B6ADB3202F4F}.Debug|Any CPU.Build.0 = Debug|Any CPU
		{E900F190-7A29-4AE4-8FDF-B6ADB3202F4F}.Release|Any CPU.ActiveCfg = Release|Any CPU
		{E900F190-7A29-4AE4-8FDF-B6ADB3202F4F}.Release|Any CPU.Build.0 = Release|Any CPU
		{7A2BDD29-CF20-49C4-B349-BB579ABB4252}.Debug|Any CPU.ActiveCfg = Debug|Any CPU
		{7A2BDD29-CF20-49C4-B349-BB579ABB4252}.Debug|Any CPU.Build.0 = Debug|Any CPU
		{7A2BDD29-CF20-49C4-B349-BB579ABB4252}.Release|Any CPU.ActiveCfg = Release|Any CPU
		{7A2BDD29-CF20-49C4-B349-BB579ABB4252}.Release|Any CPU.Build.0 = Release|Any CPU
		{48D642FC-89B7-4FC8-9CD6-FC42E359003D}.Debug|Any CPU.ActiveCfg = Debug|Any CPU
		{48D642FC-89B7-4FC8-9CD6-FC42E359003D}.Debug|Any CPU.Build.0 = Debug|Any CPU
		{48D642FC-89B7-4FC8-9CD6-FC42E359003D}.Release|Any CPU.ActiveCfg = Release|Any CPU
		{48D642FC-89B7-4FC8-9CD6-FC42E359003D}.Release|Any CPU.Build.0 = Release|Any CPU
		{C6CDD104-A72C-4D56-AC8F-D69DCA57FB57}.Debug|Any CPU.ActiveCfg = Debug|Any CPU
		{C6CDD104-A72C-4D56-AC8F-D69DCA57FB57}.Debug|Any CPU.Build.0 = Debug|Any CPU
		{C6CDD104-A72C-4D56-AC8F-D69DCA57FB57}.Release|Any CPU.ActiveCfg = Release|Any CPU
		{C6CDD104-A72C-4D56-AC8F-D69DCA57FB57}.Release|Any CPU.Build.0 = Release|Any CPU
	EndGlobalSection
	GlobalSection(SolutionProperties) = preSolution
		HideSolutionNode = FALSE
	EndGlobalSection
	GlobalSection(ExtensibilityGlobals) = postSolution
		SolutionGuid = {87F726E5-BD6A-4BDF-92DB-62253A25D84E}
	EndGlobalSection
EndGlobal
